PODS:
  - Alamofire (5.4.3)
  - Nimble (9.2.0)
  - RxSwift (6.2.0)

DEPENDENCIES:
  - Alamofire (~> 5)
  - Nimble (~> 9)
  - RxSwift (~> 6)

SPEC REPOS:
  trunk:
    - Alamofire
    - Nimble
    - RxSwift

SPEC CHECKSUMS:
  Alamofire: e447a2774a40c996748296fa2c55112fdbbc42f9
  Nimble: 4f4a345c80b503b3ea13606a4f98405974ee4d0b
  RxSwift: d356ab7bee873611322f134c5f9ef379fa183d8f

PODFILE CHECKSUM: 984d5b6e519a48f49d6b501c57c223076c48027a

COCOAPODS: 1.10.1
