PODS:
  - Alamofire (4.1.0)
  - Mockingjay (2.0.0):
    - Mockingjay/Core (= 2.0.0)
    - Mockingjay/XCTest (= 2.0.0)
  - Mockingjay/Core (2.0.0):
    - URITemplate (~> 2.0)
  - Mockingjay/XCTest (2.0.0):
    - Mockingjay/Core
  - Nimble (5.1.1)
  - SwiftyJSON (3.1.1)
  - URITemplate (2.0.0)

DEPENDENCIES:
  - Alamofire
  - Mockingjay
  - Nimble
  - SwiftyJSON
  - URITemplate

SPEC CHECKSUMS:
  Alamofire: e266cf991b933498df791e645e0d8ac294492153
  Mockingjay: 7122a3fc0597aa63438e4cd9b71b7bc8aac05b87
  Nimble: 415e3aa3267e7bc2c96b05fa814ddea7bb686a29
  SwiftyJSON: f0be2e604f83e8405a624e9f891898bf6ed4e019
  URITemplate: a5acb3f76c6a2338116fde88b658d83f91bbac45

PODFILE CHECKSUM: d4582b40b973157134a9875b5e0a62c6b816903c

COCOAPODS: 1.1.0.rc.2
