// !$*UTF8*$!
{
	archiveVersion = 1;
	classes = {
	};
	objectVersion = 46;
	objects = {

/* Begin PBXBuildFile section */
		5A8DD4508383CC8C6528BA82 /* Pods_StravaKitTests.framework in Frameworks */ = {isa = PBXBuildFile; fileRef = A35D70A5A46215A52FDD2867 /* Pods_StravaKitTests.framework */; };
		A027FE3A1C5AE16A00943798 /* StravaKit.h in Headers */ = {isa = PBXBuildFile; fileRef = A027FE391C5AE16A00943798 /* StravaKit.h */; settings = {ATTRIBUTES = (Public, ); }; };
		A027FE411C5AE16A00943798 /* StravaKit.framework in Frameworks */ = {isa = PBXBuildFile; fileRef = A027FE361C5AE16A00943798 /* StravaKit.framework */; };
		A027FE581C5AE29E00943798 /* Activity.swift in Sources */ = {isa = PBXBuildFile; fileRef = A027FE521C5AE29E00943798 /* Activity.swift */; };
		A027FE591C5AE29E00943798 /* ActivityGroup.swift in Sources */ = {isa = PBXBuildFile; fileRef = A027FE531C5AE29E00943798 /* ActivityGroup.swift */; };
		A027FE5B1C5AE29E00943798 /* Athlete.swift in Sources */ = {isa = PBXBuildFile; fileRef = A027FE551C5AE29E00943798 /* Athlete.swift */; };
		A027FE5C1C5AE29E00943798 /* DataPoint.swift in Sources */ = {isa = PBXBuildFile; fileRef = A027FE561C5AE29E00943798 /* DataPoint.swift */; };
		A027FE5D1C5AE29E00943798 /* Types.swift in Sources */ = {isa = PBXBuildFile; fileRef = A027FE571C5AE29E00943798 /* Types.swift */; };
		A027FE621C5AE2BD00943798 /* StravaClient.swift in Sources */ = {isa = PBXBuildFile; fileRef = A027FE5F1C5AE2BD00943798 /* StravaClient.swift */; };
		A027FE6A1C5AE30900943798 /* JSONActivityExtension.swift in Sources */ = {isa = PBXBuildFile; fileRef = A027FE661C5AE30900943798 /* JSONActivityExtension.swift */; };
		A027FE6B1C5AE30900943798 /* JSONActivityStreamExtension.swift in Sources */ = {isa = PBXBuildFile; fileRef = A027FE671C5AE30900943798 /* JSONActivityStreamExtension.swift */; };
		A027FE6C1C5AE30900943798 /* JSONAthleteExtension.swift in Sources */ = {isa = PBXBuildFile; fileRef = A027FE681C5AE30900943798 /* JSONAthleteExtension.swift */; };
		A027FE6D1C5AE30900943798 /* JSONCoordinateExtension.swift in Sources */ = {isa = PBXBuildFile; fileRef = A027FE691C5AE30900943798 /* JSONCoordinateExtension.swift */; };
		A027FE731C5AE3A300943798 /* BaseStravaClientTests.swift in Sources */ = {isa = PBXBuildFile; fileRef = A027FE6F1C5AE3A300943798 /* BaseStravaClientTests.swift */; };
		A027FE741C5AE3A300943798 /* StravaClientAuthorizationTests.swift in Sources */ = {isa = PBXBuildFile; fileRef = A027FE701C5AE3A300943798 /* StravaClientAuthorizationTests.swift */; };
		A027FE751C5AE3A300943798 /* StravaClientActivitiesTests.swift in Sources */ = {isa = PBXBuildFile; fileRef = A027FE711C5AE3A300943798 /* StravaClientActivitiesTests.swift */; };
		A027FE7A1C5AE3B300943798 /* ActivityGroupTests.swift in Sources */ = {isa = PBXBuildFile; fileRef = A027FE781C5AE3B300943798 /* ActivityGroupTests.swift */; };
		A027FE7B1C5AE3B300943798 /* DataPointTests.swift in Sources */ = {isa = PBXBuildFile; fileRef = A027FE791C5AE3B300943798 /* DataPointTests.swift */; };
		A027FE801C5AE42300943798 /* JSONActivityExtensionTests.swift in Sources */ = {isa = PBXBuildFile; fileRef = A027FE7D1C5AE42300943798 /* JSONActivityExtensionTests.swift */; };
		A027FE811C5AE42300943798 /* JSONActivityStreamExtensionTests.swift in Sources */ = {isa = PBXBuildFile; fileRef = A027FE7E1C5AE42300943798 /* JSONActivityStreamExtensionTests.swift */; };
		A027FE821C5AE42300943798 /* JSONCoordinateExtensionTests.swift in Sources */ = {isa = PBXBuildFile; fileRef = A027FE7F1C5AE42300943798 /* JSONCoordinateExtensionTests.swift */; };
		A027FE871C5AE4A600943798 /* Activity.json in Resources */ = {isa = PBXBuildFile; fileRef = A027FE851C5AE4A600943798 /* Activity.json */; };
		A027FE881C5AE4A600943798 /* ActivityStream.json in Resources */ = {isa = PBXBuildFile; fileRef = A027FE861C5AE4A600943798 /* ActivityStream.json */; };
		A027FE8C1C5AE7F000943798 /* StringExtensions.swift in Sources */ = {isa = PBXBuildFile; fileRef = A027FE8B1C5AE7F000943798 /* StringExtensions.swift */; };
		A027FE8E1C5AE85D00943798 /* DateRange.swift in Sources */ = {isa = PBXBuildFile; fileRef = A027FE8D1C5AE85D00943798 /* DateRange.swift */; };
		A027FE901C5AE88B00943798 /* NSURLExtensions.swift in Sources */ = {isa = PBXBuildFile; fileRef = A027FE8F1C5AE88B00943798 /* NSURLExtensions.swift */; };
		A027FE931C5AE9A300943798 /* IntExtensions.swift in Sources */ = {isa = PBXBuildFile; fileRef = A027FE921C5AE9A300943798 /* IntExtensions.swift */; };
		A05CD3621C5C39EA0051D962 /* StravaRequest.swift in Sources */ = {isa = PBXBuildFile; fileRef = A05CD3611C5C39EA0051D962 /* StravaRequest.swift */; };
		A05CD3641C5D7C380051D962 /* StravaTemplate.swift in Sources */ = {isa = PBXBuildFile; fileRef = A05CD3631C5D7C380051D962 /* StravaTemplate.swift */; };
		A06A2E931C5C2E810009D5E4 /* activities_1_2.json in Resources */ = {isa = PBXBuildFile; fileRef = A06A2E921C5C2E810009D5E4 /* activities_1_2.json */; };
		B7A7E31AA283FC4E93521ADF /* Pods_StravaKit.framework in Frameworks */ = {isa = PBXBuildFile; fileRef = 89B881BBD486C8E209A49203 /* Pods_StravaKit.framework */; };
/* End PBXBuildFile section */

/* Begin PBXContainerItemProxy section */
		A027FE421C5AE16A00943798 /* PBXContainerItemProxy */ = {
			isa = PBXContainerItemProxy;
			containerPortal = A027FE2D1C5AE16A00943798 /* Project object */;
			proxyType = 1;
			remoteGlobalIDString = A027FE351C5AE16A00943798;
			remoteInfo = StravaKit;
		};
/* End PBXContainerItemProxy section */

/* Begin PBXFileReference section */
		69160C09A3A92DCE810AA6CA /* Pods-StravaKit.release.xcconfig */ = {isa = PBXFileReference; includeInIndex = 1; lastKnownFileType = text.xcconfig; name = "Pods-StravaKit.release.xcconfig"; path = "Pods/Target Support Files/Pods-StravaKit/Pods-StravaKit.release.xcconfig"; sourceTree = "<group>"; };
		89B881BBD486C8E209A49203 /* Pods_StravaKit.framework */ = {isa = PBXFileReference; explicitFileType = wrapper.framework; includeInIndex = 0; path = Pods_StravaKit.framework; sourceTree = BUILT_PRODUCTS_DIR; };
		A027FE361C5AE16A00943798 /* StravaKit.framework */ = {isa = PBXFileReference; explicitFileType = wrapper.framework; includeInIndex = 0; path = StravaKit.framework; sourceTree = BUILT_PRODUCTS_DIR; };
		A027FE391C5AE16A00943798 /* StravaKit.h */ = {isa = PBXFileReference; lastKnownFileType = sourcecode.c.h; path = StravaKit.h; sourceTree = "<group>"; };
		A027FE3B1C5AE16A00943798 /* Info.plist */ = {isa = PBXFileReference; lastKnownFileType = text.plist.xml; path = Info.plist; sourceTree = "<group>"; };
		A027FE401C5AE16A00943798 /* StravaKitTests.xctest */ = {isa = PBXFileReference; explicitFileType = wrapper.cfbundle; includeInIndex = 0; path = StravaKitTests.xctest; sourceTree = BUILT_PRODUCTS_DIR; };
		A027FE471C5AE16A00943798 /* Info.plist */ = {isa = PBXFileReference; lastKnownFileType = text.plist.xml; path = Info.plist; sourceTree = "<group>"; };
		A027FE521C5AE29E00943798 /* Activity.swift */ = {isa = PBXFileReference; fileEncoding = 4; lastKnownFileType = sourcecode.swift; path = Activity.swift; sourceTree = "<group>"; };
		A027FE531C5AE29E00943798 /* ActivityGroup.swift */ = {isa = PBXFileReference; fileEncoding = 4; lastKnownFileType = sourcecode.swift; path = ActivityGroup.swift; sourceTree = "<group>"; };
		A027FE551C5AE29E00943798 /* Athlete.swift */ = {isa = PBXFileReference; fileEncoding = 4; lastKnownFileType = sourcecode.swift; path = Athlete.swift; sourceTree = "<group>"; };
		A027FE561C5AE29E00943798 /* DataPoint.swift */ = {isa = PBXFileReference; fileEncoding = 4; lastKnownFileType = sourcecode.swift; path = DataPoint.swift; sourceTree = "<group>"; };
		A027FE571C5AE29E00943798 /* Types.swift */ = {isa = PBXFileReference; fileEncoding = 4; lastKnownFileType = sourcecode.swift; path = Types.swift; sourceTree = "<group>"; };
		A027FE5F1C5AE2BD00943798 /* StravaClient.swift */ = {isa = PBXFileReference; fileEncoding = 4; lastKnownFileType = sourcecode.swift; path = StravaClient.swift; sourceTree = "<group>"; };
		A027FE661C5AE30900943798 /* JSONActivityExtension.swift */ = {isa = PBXFileReference; fileEncoding = 4; lastKnownFileType = sourcecode.swift; path = JSONActivityExtension.swift; sourceTree = "<group>"; };
		A027FE671C5AE30900943798 /* JSONActivityStreamExtension.swift */ = {isa = PBXFileReference; fileEncoding = 4; lastKnownFileType = sourcecode.swift; path = JSONActivityStreamExtension.swift; sourceTree = "<group>"; };
		A027FE681C5AE30900943798 /* JSONAthleteExtension.swift */ = {isa = PBXFileReference; fileEncoding = 4; lastKnownFileType = sourcecode.swift; path = JSONAthleteExtension.swift; sourceTree = "<group>"; };
		A027FE691C5AE30900943798 /* JSONCoordinateExtension.swift */ = {isa = PBXFileReference; fileEncoding = 4; lastKnownFileType = sourcecode.swift; path = JSONCoordinateExtension.swift; sourceTree = "<group>"; };
		A027FE6F1C5AE3A300943798 /* BaseStravaClientTests.swift */ = {isa = PBXFileReference; fileEncoding = 4; lastKnownFileType = sourcecode.swift; path = BaseStravaClientTests.swift; sourceTree = "<group>"; };
		A027FE701C5AE3A300943798 /* StravaClientAuthorizationTests.swift */ = {isa = PBXFileReference; fileEncoding = 4; lastKnownFileType = sourcecode.swift; path = StravaClientAuthorizationTests.swift; sourceTree = "<group>"; };
		A027FE711C5AE3A300943798 /* StravaClientActivitiesTests.swift */ = {isa = PBXFileReference; fileEncoding = 4; lastKnownFileType = sourcecode.swift; path = StravaClientActivitiesTests.swift; sourceTree = "<group>"; };
		A027FE781C5AE3B300943798 /* ActivityGroupTests.swift */ = {isa = PBXFileReference; fileEncoding = 4; lastKnownFileType = sourcecode.swift; path = ActivityGroupTests.swift; sourceTree = "<group>"; };
		A027FE791C5AE3B300943798 /* DataPointTests.swift */ = {isa = PBXFileReference; fileEncoding = 4; lastKnownFileType = sourcecode.swift; path = DataPointTests.swift; sourceTree = "<group>"; };
		A027FE7D1C5AE42300943798 /* JSONActivityExtensionTests.swift */ = {isa = PBXFileReference; fileEncoding = 4; lastKnownFileType = sourcecode.swift; path = JSONActivityExtensionTests.swift; sourceTree = "<group>"; };
		A027FE7E1C5AE42300943798 /* JSONActivityStreamExtensionTests.swift */ = {isa = PBXFileReference; fileEncoding = 4; lastKnownFileType = sourcecode.swift; path = JSONActivityStreamExtensionTests.swift; sourceTree = "<group>"; };
		A027FE7F1C5AE42300943798 /* JSONCoordinateExtensionTests.swift */ = {isa = PBXFileReference; fileEncoding = 4; lastKnownFileType = sourcecode.swift; path = JSONCoordinateExtensionTests.swift; sourceTree = "<group>"; };
		A027FE851C5AE4A600943798 /* Activity.json */ = {isa = PBXFileReference; fileEncoding = 4; lastKnownFileType = text.json; path = Activity.json; sourceTree = "<group>"; };
		A027FE861C5AE4A600943798 /* ActivityStream.json */ = {isa = PBXFileReference; fileEncoding = 4; lastKnownFileType = text.json; path = ActivityStream.json; sourceTree = "<group>"; };
		A027FE8B1C5AE7F000943798 /* StringExtensions.swift */ = {isa = PBXFileReference; fileEncoding = 4; lastKnownFileType = sourcecode.swift; path = StringExtensions.swift; sourceTree = "<group>"; };
		A027FE8D1C5AE85D00943798 /* DateRange.swift */ = {isa = PBXFileReference; fileEncoding = 4; lastKnownFileType = sourcecode.swift; path = DateRange.swift; sourceTree = "<group>"; };
		A027FE8F1C5AE88B00943798 /* NSURLExtensions.swift */ = {isa = PBXFileReference; fileEncoding = 4; lastKnownFileType = sourcecode.swift; path = NSURLExtensions.swift; sourceTree = "<group>"; };
		A027FE921C5AE9A300943798 /* IntExtensions.swift */ = {isa = PBXFileReference; fileEncoding = 4; lastKnownFileType = sourcecode.swift; path = IntExtensions.swift; sourceTree = "<group>"; };
		A05CD3611C5C39EA0051D962 /* StravaRequest.swift */ = {isa = PBXFileReference; fileEncoding = 4; lastKnownFileType = sourcecode.swift; path = StravaRequest.swift; sourceTree = "<group>"; };
		A05CD3631C5D7C380051D962 /* StravaTemplate.swift */ = {isa = PBXFileReference; fileEncoding = 4; lastKnownFileType = sourcecode.swift; path = StravaTemplate.swift; sourceTree = "<group>"; };
		A06A2E921C5C2E810009D5E4 /* activities_1_2.json */ = {isa = PBXFileReference; fileEncoding = 4; lastKnownFileType = text.json; path = activities_1_2.json; sourceTree = "<group>"; };
		A35D70A5A46215A52FDD2867 /* Pods_StravaKitTests.framework */ = {isa = PBXFileReference; explicitFileType = wrapper.framework; includeInIndex = 0; path = Pods_StravaKitTests.framework; sourceTree = BUILT_PRODUCTS_DIR; };
		B5AF41EDA68E822EED9A47D6 /* Pods-StravaKit.debug.xcconfig */ = {isa = PBXFileReference; includeInIndex = 1; lastKnownFileType = text.xcconfig; name = "Pods-StravaKit.debug.xcconfig"; path = "Pods/Target Support Files/Pods-StravaKit/Pods-StravaKit.debug.xcconfig"; sourceTree = "<group>"; };
		E25897DF84166D0788A5BD97 /* Pods-StravaKitTests.release.xcconfig */ = {isa = PBXFileReference; includeInIndex = 1; lastKnownFileType = text.xcconfig; name = "Pods-StravaKitTests.release.xcconfig"; path = "Pods/Target Support Files/Pods-StravaKitTests/Pods-StravaKitTests.release.xcconfig"; sourceTree = "<group>"; };
		F84D1E758F711D2B45177103 /* Pods-StravaKitTests.debug.xcconfig */ = {isa = PBXFileReference; includeInIndex = 1; lastKnownFileType = text.xcconfig; name = "Pods-StravaKitTests.debug.xcconfig"; path = "Pods/Target Support Files/Pods-StravaKitTests/Pods-StravaKitTests.debug.xcconfig"; sourceTree = "<group>"; };
/* End PBXFileReference section */

/* Begin PBXFrameworksBuildPhase section */
		A027FE321C5AE16A00943798 /* Frameworks */ = {
			isa = PBXFrameworksBuildPhase;
			buildActionMask = 2147483647;
			files = (
				B7A7E31AA283FC4E93521ADF /* Pods_StravaKit.framework in Frameworks */,
			);
			runOnlyForDeploymentPostprocessing = 0;
		};
		A027FE3D1C5AE16A00943798 /* Frameworks */ = {
			isa = PBXFrameworksBuildPhase;
			buildActionMask = 2147483647;
			files = (
				A027FE411C5AE16A00943798 /* StravaKit.framework in Frameworks */,
				5A8DD4508383CC8C6528BA82 /* Pods_StravaKitTests.framework in Frameworks */,
			);
			runOnlyForDeploymentPostprocessing = 0;
		};
/* End PBXFrameworksBuildPhase section */

/* Begin PBXGroup section */
		4897EEA49ACD31785295D5F4 /* Frameworks */ = {
			isa = PBXGroup;
			children = (
				89B881BBD486C8E209A49203 /* Pods_StravaKit.framework */,
				A35D70A5A46215A52FDD2867 /* Pods_StravaKitTests.framework */,
			);
			name = Frameworks;
			sourceTree = "<group>";
		};
		A027FE2C1C5AE16A00943798 = {
			isa = PBXGroup;
			children = (
				A027FE381C5AE16A00943798 /* StravaKit */,
				A027FE441C5AE16A00943798 /* StravaKitTests */,
				A027FE371C5AE16A00943798 /* Products */,
				DA3D463A6D55AC134D82DB99 /* Pods */,
				4897EEA49ACD31785295D5F4 /* Frameworks */,
			);
			sourceTree = "<group>";
		};
		A027FE371C5AE16A00943798 /* Products */ = {
			isa = PBXGroup;
			children = (
				A027FE361C5AE16A00943798 /* StravaKit.framework */,
				A027FE401C5AE16A00943798 /* StravaKitTests.xctest */,
			);
			name = Products;
			sourceTree = "<group>";
		};
		A027FE381C5AE16A00943798 /* StravaKit */ = {
			isa = PBXGroup;
			children = (
				A027FE5E1C5AE2B100943798 /* Client */,
				A027FE511C5AE28500943798 /* Model */,
				A027FE651C5AE2F300943798 /* Model.JSON */,
				A027FE911C5AE89700943798 /* Extensions */,
				A027FE891C5AE4BC00943798 /* Supporting Files */,
			);
			path = StravaKit;
			sourceTree = "<group>";
		};
		A027FE441C5AE16A00943798 /* StravaKitTests */ = {
			isa = PBXGroup;
			children = (
				A027FE6E1C5AE39600943798 /* Client */,
				A027FE771C5AE3A700943798 /* Model */,
				A027FE7C1C5AE40A00943798 /* Model.JSON */,
				A027FE831C5AE47500943798 /* Resources */,
				A027FE8A1C5AE4D000943798 /* Supporting Files */,
			);
			path = StravaKitTests;
			sourceTree = "<group>";
		};
		A027FE511C5AE28500943798 /* Model */ = {
			isa = PBXGroup;
			children = (
				A027FE521C5AE29E00943798 /* Activity.swift */,
				A027FE531C5AE29E00943798 /* ActivityGroup.swift */,
				A027FE551C5AE29E00943798 /* Athlete.swift */,
				A027FE561C5AE29E00943798 /* DataPoint.swift */,
				A027FE8D1C5AE85D00943798 /* DateRange.swift */,
				A027FE571C5AE29E00943798 /* Types.swift */,
			);
			name = Model;
			sourceTree = "<group>";
		};
		A027FE5E1C5AE2B100943798 /* Client */ = {
			isa = PBXGroup;
			children = (
				A027FE5F1C5AE2BD00943798 /* StravaClient.swift */,
				A05CD3611C5C39EA0051D962 /* StravaRequest.swift */,
				A05CD3631C5D7C380051D962 /* StravaTemplate.swift */,
			);
			name = Client;
			sourceTree = "<group>";
		};
		A027FE651C5AE2F300943798 /* Model.JSON */ = {
			isa = PBXGroup;
			children = (
				A027FE661C5AE30900943798 /* JSONActivityExtension.swift */,
				A027FE671C5AE30900943798 /* JSONActivityStreamExtension.swift */,
				A027FE681C5AE30900943798 /* JSONAthleteExtension.swift */,
				A027FE691C5AE30900943798 /* JSONCoordinateExtension.swift */,
			);
			name = Model.JSON;
			sourceTree = "<group>";
		};
		A027FE6E1C5AE39600943798 /* Client */ = {
			isa = PBXGroup;
			children = (
				A027FE6F1C5AE3A300943798 /* BaseStravaClientTests.swift */,
				A027FE711C5AE3A300943798 /* StravaClientActivitiesTests.swift */,
				A027FE701C5AE3A300943798 /* StravaClientAuthorizationTests.swift */,
			);
			name = Client;
			sourceTree = "<group>";
		};
		A027FE771C5AE3A700943798 /* Model */ = {
			isa = PBXGroup;
			children = (
				A027FE781C5AE3B300943798 /* ActivityGroupTests.swift */,
				A027FE791C5AE3B300943798 /* DataPointTests.swift */,
			);
			name = Model;
			sourceTree = "<group>";
		};
		A027FE7C1C5AE40A00943798 /* Model.JSON */ = {
			isa = PBXGroup;
			children = (
				A027FE7D1C5AE42300943798 /* JSONActivityExtensionTests.swift */,
				A027FE7E1C5AE42300943798 /* JSONActivityStreamExtensionTests.swift */,
				A027FE7F1C5AE42300943798 /* JSONCoordinateExtensionTests.swift */,
			);
			name = Model.JSON;
			sourceTree = "<group>";
		};
		A027FE831C5AE47500943798 /* Resources */ = {
			isa = PBXGroup;
			children = (
				A027FE941C5C276900943798 /* Client */,
				A027FE841C5AE47F00943798 /* Model */,
			);
			path = Resources;
			sourceTree = "<group>";
		};
		A027FE841C5AE47F00943798 /* Model */ = {
			isa = PBXGroup;
			children = (
				A027FE851C5AE4A600943798 /* Activity.json */,
				A027FE861C5AE4A600943798 /* ActivityStream.json */,
			);
			path = Model;
			sourceTree = "<group>";
		};
		A027FE891C5AE4BC00943798 /* Supporting Files */ = {
			isa = PBXGroup;
			children = (
				A027FE3B1C5AE16A00943798 /* Info.plist */,
				A027FE391C5AE16A00943798 /* StravaKit.h */,
			);
			name = "Supporting Files";
			sourceTree = "<group>";
		};
		A027FE8A1C5AE4D000943798 /* Supporting Files */ = {
			isa = PBXGroup;
			children = (
				A027FE471C5AE16A00943798 /* Info.plist */,
			);
			name = "Supporting Files";
			sourceTree = "<group>";
		};
		A027FE911C5AE89700943798 /* Extensions */ = {
			isa = PBXGroup;
			children = (
				A027FE8F1C5AE88B00943798 /* NSURLExtensions.swift */,
				A027FE8B1C5AE7F000943798 /* StringExtensions.swift */,
				A027FE921C5AE9A300943798 /* IntExtensions.swift */,
			);
			name = Extensions;
			sourceTree = "<group>";
		};
		A027FE941C5C276900943798 /* Client */ = {
			isa = PBXGroup;
			children = (
				A06A2E921C5C2E810009D5E4 /* activities_1_2.json */,
			);
			path = Client;
			sourceTree = "<group>";
		};
		DA3D463A6D55AC134D82DB99 /* Pods */ = {
			isa = PBXGroup;
			children = (
				B5AF41EDA68E822EED9A47D6 /* Pods-StravaKit.debug.xcconfig */,
				69160C09A3A92DCE810AA6CA /* Pods-StravaKit.release.xcconfig */,
				F84D1E758F711D2B45177103 /* Pods-StravaKitTests.debug.xcconfig */,
				E25897DF84166D0788A5BD97 /* Pods-StravaKitTests.release.xcconfig */,
			);
			name = Pods;
			sourceTree = "<group>";
		};
/* End PBXGroup section */

/* Begin PBXHeadersBuildPhase section */
		A027FE331C5AE16A00943798 /* Headers */ = {
			isa = PBXHeadersBuildPhase;
			buildActionMask = 2147483647;
			files = (
				A027FE3A1C5AE16A00943798 /* StravaKit.h in Headers */,
			);
			runOnlyForDeploymentPostprocessing = 0;
		};
/* End PBXHeadersBuildPhase section */

/* Begin PBXNativeTarget section */
		A027FE351C5AE16A00943798 /* StravaKit */ = {
			isa = PBXNativeTarget;
			buildConfigurationList = A027FE4A1C5AE16A00943798 /* Build configuration list for PBXNativeTarget "StravaKit" */;
			buildPhases = (
				5E103D9B1E8833B01AF7B22F /* Check Pods Manifest.lock */,
				A027FE311C5AE16A00943798 /* Sources */,
				A027FE321C5AE16A00943798 /* Frameworks */,
				A027FE331C5AE16A00943798 /* Headers */,
				A027FE341C5AE16A00943798 /* Resources */,
				72921A53B7E18A1973E0691D /* Copy Pods Resources */,
			);
			buildRules = (
			);
			dependencies = (
			);
			name = StravaKit;
			productName = StravaKit;
			productReference = A027FE361C5AE16A00943798 /* StravaKit.framework */;
			productType = "com.apple.product-type.framework";
		};
		A027FE3F1C5AE16A00943798 /* StravaKitTests */ = {
			isa = PBXNativeTarget;
			buildConfigurationList = A027FE4D1C5AE16A00943798 /* Build configuration list for PBXNativeTarget "StravaKitTests" */;
			buildPhases = (
				031DAA1C056FA14B61353992 /* Check Pods Manifest.lock */,
				A027FE3C1C5AE16A00943798 /* Sources */,
				A027FE3D1C5AE16A00943798 /* Frameworks */,
				A027FE3E1C5AE16A00943798 /* Resources */,
				2C21B00D9FC4CEDDF8CD4488 /* Embed Pods Frameworks */,
				BF162506694E78841F320FD3 /* Copy Pods Resources */,
			);
			buildRules = (
			);
			dependencies = (
				A027FE431C5AE16A00943798 /* PBXTargetDependency */,
			);
			name = StravaKitTests;
			productName = StravaKitTests;
			productReference = A027FE401C5AE16A00943798 /* StravaKitTests.xctest */;
			productType = "com.apple.product-type.bundle.unit-test";
		};
/* End PBXNativeTarget section */

/* Begin PBXProject section */
		A027FE2D1C5AE16A00943798 /* Project object */ = {
			isa = PBXProject;
			attributes = {
				LastSwiftUpdateCheck = 0720;
				LastUpgradeCheck = 0720;
				ORGANIZATIONNAME = "Marc Baldwin";
				TargetAttributes = {
					A027FE351C5AE16A00943798 = {
						CreatedOnToolsVersion = 7.2;
					};
					A027FE3F1C5AE16A00943798 = {
						CreatedOnToolsVersion = 7.2;
					};
				};
			};
			buildConfigurationList = A027FE301C5AE16A00943798 /* Build configuration list for PBXProject "StravaKit" */;
			compatibilityVersion = "Xcode 3.2";
			developmentRegion = English;
			hasScannedForEncodings = 0;
			knownRegions = (
				en,
			);
			mainGroup = A027FE2C1C5AE16A00943798;
			productRefGroup = A027FE371C5AE16A00943798 /* Products */;
			projectDirPath = "";
			projectRoot = "";
			targets = (
				A027FE351C5AE16A00943798 /* StravaKit */,
				A027FE3F1C5AE16A00943798 /* StravaKitTests */,
			);
		};
/* End PBXProject section */

/* Begin PBXResourcesBuildPhase section */
		A027FE341C5AE16A00943798 /* Resources */ = {
			isa = PBXResourcesBuildPhase;
			buildActionMask = 2147483647;
			files = (
			);
			runOnlyForDeploymentPostprocessing = 0;
		};
		A027FE3E1C5AE16A00943798 /* Resources */ = {
			isa = PBXResourcesBuildPhase;
			buildActionMask = 2147483647;
			files = (
				A027FE881C5AE4A600943798 /* ActivityStream.json in Resources */,
				A06A2E931C5C2E810009D5E4 /* activities_1_2.json in Resources */,
				A027FE871C5AE4A600943798 /* Activity.json in Resources */,
			);
			runOnlyForDeploymentPostprocessing = 0;
		};
/* End PBXResourcesBuildPhase section */

/* Begin PBXShellScriptBuildPhase section */
		031DAA1C056FA14B61353992 /* Check Pods Manifest.lock */ = {
			isa = PBXShellScriptBuildPhase;
			buildActionMask = 2147483647;
			files = (
			);
			inputPaths = (
			);
			name = "Check Pods Manifest.lock";
			outputPaths = (
			);
			runOnlyForDeploymentPostprocessing = 0;
			shellPath = /bin/sh;
			shellScript = "diff \"${PODS_ROOT}/../Podfile.lock\" \"${PODS_ROOT}/Manifest.lock\" > /dev/null\nif [[ $? != 0 ]] ; then\n    cat << EOM\nerror: The sandbox is not in sync with the Podfile.lock. Run 'pod install' or update your CocoaPods installation.\nEOM\n    exit 1\nfi\n";
			showEnvVarsInLog = 0;
		};
		2C21B00D9FC4CEDDF8CD4488 /* Embed Pods Frameworks */ = {
			isa = PBXShellScriptBuildPhase;
			buildActionMask = 2147483647;
			files = (
			);
			inputPaths = (
			);
			name = "Embed Pods Frameworks";
			outputPaths = (
			);
			runOnlyForDeploymentPostprocessing = 0;
			shellPath = /bin/sh;
			shellScript = "\"${SRCROOT}/Pods/Target Support Files/Pods-StravaKitTests/Pods-StravaKitTests-frameworks.sh\"\n";
			showEnvVarsInLog = 0;
		};
		5E103D9B1E8833B01AF7B22F /* Check Pods Manifest.lock */ = {
			isa = PBXShellScriptBuildPhase;
			buildActionMask = 2147483647;
			files = (
			);
			inputPaths = (
			);
			name = "Check Pods Manifest.lock";
			outputPaths = (
			);
			runOnlyForDeploymentPostprocessing = 0;
			shellPath = /bin/sh;
			shellScript = "diff \"${PODS_ROOT}/../Podfile.lock\" \"${PODS_ROOT}/Manifest.lock\" > /dev/null\nif [[ $? != 0 ]] ; then\n    cat << EOM\nerror: The sandbox is not in sync with the Podfile.lock. Run 'pod install' or update your CocoaPods installation.\nEOM\n    exit 1\nfi\n";
			showEnvVarsInLog = 0;
		};
		72921A53B7E18A1973E0691D /* Copy Pods Resources */ = {
			isa = PBXShellScriptBuildPhase;
			buildActionMask = 2147483647;
			files = (
			);
			inputPaths = (
			);
			name = "Copy Pods Resources";
			outputPaths = (
			);
			runOnlyForDeploymentPostprocessing = 0;
			shellPath = /bin/sh;
			shellScript = "\"${SRCROOT}/Pods/Target Support Files/Pods-StravaKit/Pods-StravaKit-resources.sh\"\n";
			showEnvVarsInLog = 0;
		};
		BF162506694E78841F320FD3 /* Copy Pods Resources */ = {
			isa = PBXShellScriptBuildPhase;
			buildActionMask = 2147483647;
			files = (
			);
			inputPaths = (
			);
			name = "Copy Pods Resources";
			outputPaths = (
			);
			runOnlyForDeploymentPostprocessing = 0;
			shellPath = /bin/sh;
			shellScript = "\"${SRCROOT}/Pods/Target Support Files/Pods-StravaKitTests/Pods-StravaKitTests-resources.sh\"\n";
			showEnvVarsInLog = 0;
		};
/* End PBXShellScriptBuildPhase section */

/* Begin PBXSourcesBuildPhase section */
		A027FE311C5AE16A00943798 /* Sources */ = {
			isa = PBXSourcesBuildPhase;
			buildActionMask = 2147483647;
			files = (
				A027FE901C5AE88B00943798 /* NSURLExtensions.swift in Sources */,
				A027FE6A1C5AE30900943798 /* JSONActivityExtension.swift in Sources */,
				A027FE8E1C5AE85D00943798 /* DateRange.swift in Sources */,
				A027FE6D1C5AE30900943798 /* JSONCoordinateExtension.swift in Sources */,
				A027FE6B1C5AE30900943798 /* JSONActivityStreamExtension.swift in Sources */,
				A027FE591C5AE29E00943798 /* ActivityGroup.swift in Sources */,
				A027FE6C1C5AE30900943798 /* JSONAthleteExtension.swift in Sources */,
				A027FE581C5AE29E00943798 /* Activity.swift in Sources */,
				A027FE5C1C5AE29E00943798 /* DataPoint.swift in Sources */,
				A027FE931C5AE9A300943798 /* IntExtensions.swift in Sources */,
				A027FE621C5AE2BD00943798 /* StravaClient.swift in Sources */,
				A05CD3641C5D7C380051D962 /* StravaTemplate.swift in Sources */,
				A027FE5D1C5AE29E00943798 /* Types.swift in Sources */,
				A05CD3621C5C39EA0051D962 /* StravaRequest.swift in Sources */,
				A027FE8C1C5AE7F000943798 /* StringExtensions.swift in Sources */,
				A027FE5B1C5AE29E00943798 /* Athlete.swift in Sources */,
			);
			runOnlyForDeploymentPostprocessing = 0;
		};
		A027FE3C1C5AE16A00943798 /* Sources */ = {
			isa = PBXSourcesBuildPhase;
			buildActionMask = 2147483647;
			files = (
				A027FE7B1C5AE3B300943798 /* DataPointTests.swift in Sources */,
				A027FE7A1C5AE3B300943798 /* ActivityGroupTests.swift in Sources */,
				A027FE731C5AE3A300943798 /* BaseStravaClientTests.swift in Sources */,
				A027FE801C5AE42300943798 /* JSONActivityExtensionTests.swift in Sources */,
				A027FE811C5AE42300943798 /* JSONActivityStreamExtensionTests.swift in Sources */,
				A027FE751C5AE3A300943798 /* StravaClientActivitiesTests.swift in Sources */,
				A027FE741C5AE3A300943798 /* StravaClientAuthorizationTests.swift in Sources */,
				A027FE821C5AE42300943798 /* JSONCoordinateExtensionTests.swift in Sources */,
			);
			runOnlyForDeploymentPostprocessing = 0;
		};
/* End PBXSourcesBuildPhase section */

/* Begin PBXTargetDependency section */
		A027FE431C5AE16A00943798 /* PBXTargetDependency */ = {
			isa = PBXTargetDependency;
			target = A027FE351C5AE16A00943798 /* StravaKit */;
			targetProxy = A027FE421C5AE16A00943798 /* PBXContainerItemProxy */;
		};
/* End PBXTargetDependency section */

/* Begin XCBuildConfiguration section */
		A027FE481C5AE16A00943798 /* Debug */ = {
			isa = XCBuildConfiguration;
			buildSettings = {
				ALWAYS_SEARCH_USER_PATHS = NO;
				CLANG_CXX_LANGUAGE_STANDARD = "gnu++0x";
				CLANG_CXX_LIBRARY = "libc++";
				CLANG_ENABLE_MODULES = YES;
				CLANG_ENABLE_OBJC_ARC = YES;
				CLANG_WARN_BOOL_CONVERSION = YES;
				CLANG_WARN_CONSTANT_CONVERSION = YES;
				CLANG_WARN_DIRECT_OBJC_ISA_USAGE = YES_ERROR;
				CLANG_WARN_EMPTY_BODY = YES;
				CLANG_WARN_ENUM_CONVERSION = YES;
				CLANG_WARN_INT_CONVERSION = YES;
				CLANG_WARN_OBJC_ROOT_CLASS = YES_ERROR;
				CLANG_WARN_UNREACHABLE_CODE = YES;
				CLANG_WARN__DUPLICATE_METHOD_MATCH = YES;
				"CODE_SIGN_IDENTITY[sdk=iphoneos*]" = "iPhone Developer";
				COPY_PHASE_STRIP = NO;
				CURRENT_PROJECT_VERSION = 1;
				DEBUG_INFORMATION_FORMAT = dwarf;
				ENABLE_STRICT_OBJC_MSGSEND = YES;
				ENABLE_TESTABILITY = YES;
				GCC_C_LANGUAGE_STANDARD = gnu99;
				GCC_DYNAMIC_NO_PIC = NO;
				GCC_NO_COMMON_BLOCKS = YES;
				GCC_OPTIMIZATION_LEVEL = 0;
				GCC_PREPROCESSOR_DEFINITIONS = (
					"DEBUG=1",
					"$(inherited)",
				);
				GCC_WARN_64_TO_32_BIT_CONVERSION = YES;
				GCC_WARN_ABOUT_RETURN_TYPE = YES_ERROR;
				GCC_WARN_UNDECLARED_SELECTOR = YES;
				GCC_WARN_UNINITIALIZED_AUTOS = YES_AGGRESSIVE;
				GCC_WARN_UNUSED_FUNCTION = YES;
				GCC_WARN_UNUSED_VARIABLE = YES;
				IPHONEOS_DEPLOYMENT_TARGET = 8.0;
				MTL_ENABLE_DEBUG_INFO = YES;
				ONLY_ACTIVE_ARCH = YES;
				SDKROOT = iphoneos;
				SWIFT_OPTIMIZATION_LEVEL = "-Onone";
				TARGETED_DEVICE_FAMILY = "1,2";
				VERSIONING_SYSTEM = "apple-generic";
				VERSION_INFO_PREFIX = "";
			};
			name = Debug;
		};
		A027FE491C5AE16A00943798 /* Release */ = {
			isa = XCBuildConfiguration;
			buildSettings = {
				ALWAYS_SEARCH_USER_PATHS = NO;
				CLANG_CXX_LANGUAGE_STANDARD = "gnu++0x";
				CLANG_CXX_LIBRARY = "libc++";
				CLANG_ENABLE_MODULES = YES;
				CLANG_ENABLE_OBJC_ARC = YES;
				CLANG_WARN_BOOL_CONVERSION = YES;
				CLANG_WARN_CONSTANT_CONVERSION = YES;
				CLANG_WARN_DIRECT_OBJC_ISA_USAGE = YES_ERROR;
				CLANG_WARN_EMPTY_BODY = YES;
				CLANG_WARN_ENUM_CONVERSION = YES;
				CLANG_WARN_INT_CONVERSION = YES;
				CLANG_WARN_OBJC_ROOT_CLASS = YES_ERROR;
				CLANG_WARN_UNREACHABLE_CODE = YES;
				CLANG_WARN__DUPLICATE_METHOD_MATCH = YES;
				"CODE_SIGN_IDENTITY[sdk=iphoneos*]" = "iPhone Developer";
				COPY_PHASE_STRIP = NO;
				CURRENT_PROJECT_VERSION = 1;
				DEBUG_INFORMATION_FORMAT = "dwarf-with-dsym";
				ENABLE_NS_ASSERTIONS = NO;
				ENABLE_STRICT_OBJC_MSGSEND = YES;
				GCC_C_LANGUAGE_STANDARD = gnu99;
				GCC_NO_COMMON_BLOCKS = YES;
				GCC_WARN_64_TO_32_BIT_CONVERSION = YES;
				GCC_WARN_ABOUT_RETURN_TYPE = YES_ERROR;
				GCC_WARN_UNDECLARED_SELECTOR = YES;
				GCC_WARN_UNINITIALIZED_AUTOS = YES_AGGRESSIVE;
				GCC_WARN_UNUSED_FUNCTION = YES;
				GCC_WARN_UNUSED_VARIABLE = YES;
				IPHONEOS_DEPLOYMENT_TARGET = 8.0;
				MTL_ENABLE_DEBUG_INFO = NO;
				SDKROOT = iphoneos;
				TARGETED_DEVICE_FAMILY = "1,2";
				VALIDATE_PRODUCT = YES;
				VERSIONING_SYSTEM = "apple-generic";
				VERSION_INFO_PREFIX = "";
			};
			name = Release;
		};
		A027FE4B1C5AE16A00943798 /* Debug */ = {
			isa = XCBuildConfiguration;
			baseConfigurationReference = B5AF41EDA68E822EED9A47D6 /* Pods-StravaKit.debug.xcconfig */;
			buildSettings = {
				CLANG_ENABLE_MODULES = YES;
				CODE_SIGN_IDENTITY = "iPhone Developer";
				DEFINES_MODULE = YES;
				DYLIB_COMPATIBILITY_VERSION = 1;
				DYLIB_CURRENT_VERSION = 1;
				DYLIB_INSTALL_NAME_BASE = "@rpath";
				INFOPLIST_FILE = StravaKit/Info.plist;
				INSTALL_PATH = "$(LOCAL_LIBRARY_DIR)/Frameworks";
				LD_RUNPATH_SEARCH_PATHS = "$(inherited) @executable_path/Frameworks @loader_path/Frameworks";
				PRODUCT_BUNDLE_IDENTIFIER = xyz.marcb.StravaKit;
				PRODUCT_NAME = "$(TARGET_NAME)";
				SKIP_INSTALL = YES;
				SWIFT_OPTIMIZATION_LEVEL = "-Onone";
			};
			name = Debug;
		};
		A027FE4C1C5AE16A00943798 /* Release */ = {
			isa = XCBuildConfiguration;
			baseConfigurationReference = 69160C09A3A92DCE810AA6CA /* Pods-StravaKit.release.xcconfig */;
			buildSettings = {
				CLANG_ENABLE_MODULES = YES;
				CODE_SIGN_IDENTITY = "iPhone Developer";
				DEFINES_MODULE = YES;
				DYLIB_COMPATIBILITY_VERSION = 1;
				DYLIB_CURRENT_VERSION = 1;
				DYLIB_INSTALL_NAME_BASE = "@rpath";
				INFOPLIST_FILE = StravaKit/Info.plist;
				INSTALL_PATH = "$(LOCAL_LIBRARY_DIR)/Frameworks";
				LD_RUNPATH_SEARCH_PATHS = "$(inherited) @executable_path/Frameworks @loader_path/Frameworks";
				PRODUCT_BUNDLE_IDENTIFIER = xyz.marcb.StravaKit;
				PRODUCT_NAME = "$(TARGET_NAME)";
				SKIP_INSTALL = YES;
			};
			name = Release;
		};
		A027FE4E1C5AE16A00943798 /* Debug */ = {
			isa = XCBuildConfiguration;
			baseConfigurationReference = F84D1E758F711D2B45177103 /* Pods-StravaKitTests.debug.xcconfig */;
			buildSettings = {
				INFOPLIST_FILE = StravaKitTests/Info.plist;
				LD_RUNPATH_SEARCH_PATHS = "$(inherited) @executable_path/Frameworks @loader_path/Frameworks";
				PRODUCT_BUNDLE_IDENTIFIER = xyz.marcb.StravaKitTests;
				PRODUCT_NAME = "$(TARGET_NAME)";
			};
			name = Debug;
		};
		A027FE4F1C5AE16A00943798 /* Release */ = {
			isa = XCBuildConfiguration;
			baseConfigurationReference = E25897DF84166D0788A5BD97 /* Pods-StravaKitTests.release.xcconfig */;
			buildSettings = {
				INFOPLIST_FILE = StravaKitTests/Info.plist;
				LD_RUNPATH_SEARCH_PATHS = "$(inherited) @executable_path/Frameworks @loader_path/Frameworks";
				PRODUCT_BUNDLE_IDENTIFIER = xyz.marcb.StravaKitTests;
				PRODUCT_NAME = "$(TARGET_NAME)";
			};
			name = Release;
		};
/* End XCBuildConfiguration section */

/* Begin XCConfigurationList section */
		A027FE301C5AE16A00943798 /* Build configuration list for PBXProject "StravaKit" */ = {
			isa = XCConfigurationList;
			buildConfigurations = (
				A027FE481C5AE16A00943798 /* Debug */,
				A027FE491C5AE16A00943798 /* Release */,
			);
			defaultConfigurationIsVisible = 0;
			defaultConfigurationName = Release;
		};
		A027FE4A1C5AE16A00943798 /* Build configuration list for PBXNativeTarget "StravaKit" */ = {
			isa = XCConfigurationList;
			buildConfigurations = (
				A027FE4B1C5AE16A00943798 /* Debug */,
				A027FE4C1C5AE16A00943798 /* Release */,
			);
			defaultConfigurationIsVisible = 0;
			defaultConfigurationName = Release;
		};
		A027FE4D1C5AE16A00943798 /* Build configuration list for PBXNativeTarget "StravaKitTests" */ = {
			isa = XCConfigurationList;
			buildConfigurations = (
				A027FE4E1C5AE16A00943798 /* Debug */,
				A027FE4F1C5AE16A00943798 /* Release */,
			);
			defaultConfigurationIsVisible = 0;
			defaultConfigurationName = Release;
		};
/* End XCConfigurationList section */
	};
	rootObject = A027FE2D1C5AE16A00943798 /* Project object */;
}
